
Microsoft Visual Studio Solution File, Format Version 12.00
# Visual Studio 2013
VisualStudioVersion = 12.0.21005.1
MinimumVisualStudioVersion = 10.0.40219.1
Project("{FAE04EC0-301F-11D3-BF4B-00C04F79EFBC}") = "AI", "ai3\AI.csproj", "{D0BB976A-8F3F-4F1A-8458-8507C933162A}"
EndProject
Project("{FAE04EC0-301F-11D3-BF4B-00C04F79EFBC}") = "AI.Core", "AI.Core\AI.Core.csproj", "{AF051808-33A1-42C2-8D7E-CD65F8E6748C}"
EndProject
Project("{8BC9CEB8-8B4A-11D0-8D11-00A0C91BC942}") = "Core", "Core\Core.vcxproj", "{8A9CCBAD-571E-4C04-A45E-09F2F9091BB8}"
EndProject
Project("{8BC9CEB8-8B4A-11D0-8D11-00A0C91BC942}") = "CoreTests", "CoreTests\CoreTests.vcxproj", "{3498E59B-E446-4AD1-9F6D-6D0EC7717788}"
	ProjectSection(ProjectDependencies) = postProject
		{8A9CCBAD-571E-4C04-A45E-09F2F9091BB8} = {8A9CCBAD-571E-4C04-A45E-09F2F9091BB8}
	EndProjectSection
EndProject
Project("{8BC9CEB8-8B4A-11D0-8D11-00A0C91BC942}") = "CorePerfomanceTests", "CorePerfomanceTests\CorePerfomanceTests.vcxproj", "{75754407-8889-4947-9FE6-0B6721222652}"
	ProjectSection(ProjectDependencies) = postProject
		{8A9CCBAD-571E-4C04-A45E-09F2F9091BB8} = {8A9CCBAD-571E-4C04-A45E-09F2F9091BB8}
	EndProjectSection
EndProject
Project("{FAE04EC0-301F-11D3-BF4B-00C04F79EFBC}") = "Visualizer", "Visualizer\Visualizer.csproj", "{6FFBFD4D-1E78-4F8F-8CFB-84838AAB0DE7}"
EndProject
Project("{8BC9CEB8-8B4A-11D0-8D11-00A0C91BC942}") = "Runner", "Runner\Runner.vcxproj", "{2FE64477-4E66-43BE-B9F6-46BB5F950620}"
	ProjectSection(ProjectDependencies) = postProject
		{8A9CCBAD-571E-4C04-A45E-09F2F9091BB8} = {8A9CCBAD-571E-4C04-A45E-09F2F9091BB8}
	EndProjectSection
EndProject
Project("{2150E333-8FDC-42A3-9474-1A3956D46DE8}") = "Solution Items", "Solution Items", "{898AEF08-717A-4BDD-8825-DD248B3A52DA}"
	ProjectSection(SolutionItems) = preProject
		OptimizationIdeas.txt = OptimizationIdeas.txt
	EndProjectSection
EndProject
Global
	GlobalSection(SolutionConfigurationPlatforms) = preSolution
		Debug|Any CPU = Debug|Any CPU
		Debug|Mixed Platforms = Debug|Mixed Platforms
		Debug|Win32 = Debug|Win32
		Debug|x64 = Debug|x64
		Debug|x86 = Debug|x86
		Release|Any CPU = Release|Any CPU
		Release|Mixed Platforms = Release|Mixed Platforms
		Release|Win32 = Release|Win32
		Release|x64 = Release|x64
		Release|x86 = Release|x86
		UnitTestsOnly|Any CPU = UnitTestsOnly|Any CPU
		UnitTestsOnly|Mixed Platforms = UnitTestsOnly|Mixed Platforms
		UnitTestsOnly|Win32 = UnitTestsOnly|Win32
		UnitTestsOnly|x64 = UnitTestsOnly|x64
		UnitTestsOnly|x86 = UnitTestsOnly|x86
	EndGlobalSection
	GlobalSection(ProjectConfigurationPlatforms) = postSolution
		{D0BB976A-8F3F-4F1A-8458-8507C933162A}.Debug|Any CPU.ActiveCfg = Debug|x86
		{D0BB976A-8F3F-4F1A-8458-8507C933162A}.Debug|Mixed Platforms.ActiveCfg = Debug|x86
		{D0BB976A-8F3F-4F1A-8458-8507C933162A}.Debug|Win32.ActiveCfg = Debug|x86
		{D0BB976A-8F3F-4F1A-8458-8507C933162A}.Debug|x64.ActiveCfg = Debug|x64
		{D0BB976A-8F3F-4F1A-8458-8507C933162A}.Debug|x64.Build.0 = Debug|x64
		{D0BB976A-8F3F-4F1A-8458-8507C933162A}.Debug|x86.ActiveCfg = Debug|x86
		{D0BB976A-8F3F-4F1A-8458-8507C933162A}.Release|Any CPU.ActiveCfg = Release|x86
		{D0BB976A-8F3F-4F1A-8458-8507C933162A}.Release|Mixed Platforms.ActiveCfg = Release|x86
		{D0BB976A-8F3F-4F1A-8458-8507C933162A}.Release|Win32.ActiveCfg = Release|x86
		{D0BB976A-8F3F-4F1A-8458-8507C933162A}.Release|Win32.Build.0 = Release|x86
		{D0BB976A-8F3F-4F1A-8458-8507C933162A}.Release|x64.ActiveCfg = Release|x64
		{D0BB976A-8F3F-4F1A-8458-8507C933162A}.Release|x86.ActiveCfg = Release|x86
		{D0BB976A-8F3F-4F1A-8458-8507C933162A}.Release|x86.Build.0 = Release|x86
		{D0BB976A-8F3F-4F1A-8458-8507C933162A}.UnitTestsOnly|Any CPU.ActiveCfg = UnitTestsOnly|x86
		{D0BB976A-8F3F-4F1A-8458-8507C933162A}.UnitTestsOnly|Mixed Platforms.ActiveCfg = UnitTestsOnly|x86
		{D0BB976A-8F3F-4F1A-8458-8507C933162A}.UnitTestsOnly|Mixed Platforms.Build.0 = UnitTestsOnly|x86
		{D0BB976A-8F3F-4F1A-8458-8507C933162A}.UnitTestsOnly|Win32.ActiveCfg = UnitTestsOnly|x86
		{D0BB976A-8F3F-4F1A-8458-8507C933162A}.UnitTestsOnly|Win32.Build.0 = UnitTestsOnly|x86
		{D0BB976A-8F3F-4F1A-8458-8507C933162A}.UnitTestsOnly|x64.ActiveCfg = UnitTestsOnly|x64
		{D0BB976A-8F3F-4F1A-8458-8507C933162A}.UnitTestsOnly|x86.ActiveCfg = UnitTestsOnly|x86
		{AF051808-33A1-42C2-8D7E-CD65F8E6748C}.Debug|Any CPU.ActiveCfg = Debug|Any CPU
		{AF051808-33A1-42C2-8D7E-CD65F8E6748C}.Debug|Any CPU.Build.0 = Debug|Any CPU
		{AF051808-33A1-42C2-8D7E-CD65F8E6748C}.Debug|Mixed Platforms.ActiveCfg = Debug|Any CPU
		{AF051808-33A1-42C2-8D7E-CD65F8E6748C}.Debug|Win32.ActiveCfg = Debug|Any CPU
		{AF051808-33A1-42C2-8D7E-CD65F8E6748C}.Debug|x64.ActiveCfg = Debug|x64
		{AF051808-33A1-42C2-8D7E-CD65F8E6748C}.Debug|x86.ActiveCfg = Debug|Any CPU
		{AF051808-33A1-42C2-8D7E-CD65F8E6748C}.Release|Any CPU.ActiveCfg = Release|Any CPU
		{AF051808-33A1-42C2-8D7E-CD65F8E6748C}.Release|Any CPU.Build.0 = Release|Any CPU
		{AF051808-33A1-42C2-8D7E-CD65F8E6748C}.Release|Mixed Platforms.ActiveCfg = Release|Any CPU
		{AF051808-33A1-42C2-8D7E-CD65F8E6748C}.Release|Win32.ActiveCfg = Release|Any CPU
		{AF051808-33A1-42C2-8D7E-CD65F8E6748C}.Release|x64.ActiveCfg = Release|x64
		{AF051808-33A1-42C2-8D7E-CD65F8E6748C}.Release|x86.ActiveCfg = Release|Any CPU
		{AF051808-33A1-42C2-8D7E-CD65F8E6748C}.UnitTestsOnly|Any CPU.ActiveCfg = UnitTestsOnly|Any CPU
		{AF051808-33A1-42C2-8D7E-CD65F8E6748C}.UnitTestsOnly|Mixed Platforms.ActiveCfg = UnitTestsOnly|Any CPU
		{AF051808-33A1-42C2-8D7E-CD65F8E6748C}.UnitTestsOnly|Mixed Platforms.Build.0 = UnitTestsOnly|Any CPU
		{AF051808-33A1-42C2-8D7E-CD65F8E6748C}.UnitTestsOnly|Win32.ActiveCfg = UnitTestsOnly|Any CPU
		{AF051808-33A1-42C2-8D7E-CD65F8E6748C}.UnitTestsOnly|x64.ActiveCfg = UnitTestsOnly|x64
		{AF051808-33A1-42C2-8D7E-CD65F8E6748C}.UnitTestsOnly|x86.ActiveCfg = UnitTestsOnly|Any CPU
		{8A9CCBAD-571E-4C04-A45E-09F2F9091BB8}.Debug|Any CPU.ActiveCfg = Debug|Win32
		{8A9CCBAD-571E-4C04-A45E-09F2F9091BB8}.Debug|Mixed Platforms.ActiveCfg = Debug|Win32
		{8A9CCBAD-571E-4C04-A45E-09F2F9091BB8}.Debug|Mixed Platforms.Build.0 = Debug|Win32
		{8A9CCBAD-571E-4C04-A45E-09F2F9091BB8}.Debug|Win32.ActiveCfg = Debug|Win32
		{8A9CCBAD-571E-4C04-A45E-09F2F9091BB8}.Debug|Win32.Build.0 = Debug|Win32
		{8A9CCBAD-571E-4C04-A45E-09F2F9091BB8}.Debug|x64.ActiveCfg = Debug|x64
		{8A9CCBAD-571E-4C04-A45E-09F2F9091BB8}.Debug|x64.Build.0 = Debug|x64
		{8A9CCBAD-571E-4C04-A45E-09F2F9091BB8}.Debug|x86.ActiveCfg = Debug|Win32
		{8A9CCBAD-571E-4C04-A45E-09F2F9091BB8}.Debug|x86.Build.0 = Debug|Win32
		{8A9CCBAD-571E-4C04-A45E-09F2F9091BB8}.Release|Any CPU.ActiveCfg = Release|Win32
		{8A9CCBAD-571E-4C04-A45E-09F2F9091BB8}.Release|Mixed Platforms.ActiveCfg = Release|Win32
		{8A9CCBAD-571E-4C04-A45E-09F2F9091BB8}.Release|Mixed Platforms.Build.0 = Release|Win32
		{8A9CCBAD-571E-4C04-A45E-09F2F9091BB8}.Release|Win32.ActiveCfg = Release|Win32
		{8A9CCBAD-571E-4C04-A45E-09F2F9091BB8}.Release|Win32.Build.0 = Release|Win32
		{8A9CCBAD-571E-4C04-A45E-09F2F9091BB8}.Release|x64.ActiveCfg = Release|x64
		{8A9CCBAD-571E-4C04-A45E-09F2F9091BB8}.Release|x64.Build.0 = Release|x64
		{8A9CCBAD-571E-4C04-A45E-09F2F9091BB8}.Release|x86.ActiveCfg = Release|Win32
		{8A9CCBAD-571E-4C04-A45E-09F2F9091BB8}.Release|x86.Build.0 = Release|Win32
		{8A9CCBAD-571E-4C04-A45E-09F2F9091BB8}.UnitTestsOnly|Any CPU.ActiveCfg = UnitTestsOnly|Win32
		{8A9CCBAD-571E-4C04-A45E-09F2F9091BB8}.UnitTestsOnly|Mixed Platforms.ActiveCfg = UnitTestsOnly|Win32
		{8A9CCBAD-571E-4C04-A45E-09F2F9091BB8}.UnitTestsOnly|Mixed Platforms.Build.0 = UnitTestsOnly|Win32
		{8A9CCBAD-571E-4C04-A45E-09F2F9091BB8}.UnitTestsOnly|Win32.ActiveCfg = UnitTestsOnly|Win32
		{8A9CCBAD-571E-4C04-A45E-09F2F9091BB8}.UnitTestsOnly|Win32.Build.0 = UnitTestsOnly|Win32
		{8A9CCBAD-571E-4C04-A45E-09F2F9091BB8}.UnitTestsOnly|x64.ActiveCfg = UnitTestsOnly|x64
		{8A9CCBAD-571E-4C04-A45E-09F2F9091BB8}.UnitTestsOnly|x64.Build.0 = UnitTestsOnly|x64
		{8A9CCBAD-571E-4C04-A45E-09F2F9091BB8}.UnitTestsOnly|x86.ActiveCfg = UnitTestsOnly|Win32
		{8A9CCBAD-571E-4C04-A45E-09F2F9091BB8}.UnitTestsOnly|x86.Build.0 = UnitTestsOnly|Win32
		{3498E59B-E446-4AD1-9F6D-6D0EC7717788}.Debug|Any CPU.ActiveCfg = Debug|Win32
		{3498E59B-E446-4AD1-9F6D-6D0EC7717788}.Debug|Mixed Platforms.ActiveCfg = Debug|Win32
		{3498E59B-E446-4AD1-9F6D-6D0EC7717788}.Debug|Mixed Platforms.Build.0 = Debug|Win32
		{3498E59B-E446-4AD1-9F6D-6D0EC7717788}.Debug|Win32.ActiveCfg = Debug|Win32
		{3498E59B-E446-4AD1-9F6D-6D0EC7717788}.Debug|Win32.Build.0 = Debug|Win32
		{3498E59B-E446-4AD1-9F6D-6D0EC7717788}.Debug|x64.ActiveCfg = Debug|x64
		{3498E59B-E446-4AD1-9F6D-6D0EC7717788}.Debug|x64.Build.0 = Debug|x64
		{3498E59B-E446-4AD1-9F6D-6D0EC7717788}.Debug|x86.ActiveCfg = Debug|Win32
		{3498E59B-E446-4AD1-9F6D-6D0EC7717788}.Debug|x86.Build.0 = Debug|Win32
		{3498E59B-E446-4AD1-9F6D-6D0EC7717788}.Release|Any CPU.ActiveCfg = Release|Win32
		{3498E59B-E446-4AD1-9F6D-6D0EC7717788}.Release|Mixed Platforms.ActiveCfg = Release|Win32
		{3498E59B-E446-4AD1-9F6D-6D0EC7717788}.Release|Mixed Platforms.Build.0 = Release|Win32
		{3498E59B-E446-4AD1-9F6D-6D0EC7717788}.Release|Win32.ActiveCfg = Release|Win32
		{3498E59B-E446-4AD1-9F6D-6D0EC7717788}.Release|Win32.Build.0 = Release|Win32
		{3498E59B-E446-4AD1-9F6D-6D0EC7717788}.Release|x64.ActiveCfg = Release|x64
		{3498E59B-E446-4AD1-9F6D-6D0EC7717788}.Release|x64.Build.0 = Release|x64
		{3498E59B-E446-4AD1-9F6D-6D0EC7717788}.Release|x86.ActiveCfg = Release|Win32
		{3498E59B-E446-4AD1-9F6D-6D0EC7717788}.Release|x86.Build.0 = Release|Win32
		{3498E59B-E446-4AD1-9F6D-6D0EC7717788}.UnitTestsOnly|Any CPU.ActiveCfg = UnitTestsOnly|Win32
		{3498E59B-E446-4AD1-9F6D-6D0EC7717788}.UnitTestsOnly|Mixed Platforms.ActiveCfg = UnitTestsOnly|Win32
		{3498E59B-E446-4AD1-9F6D-6D0EC7717788}.UnitTestsOnly|Mixed Platforms.Build.0 = UnitTestsOnly|Win32
		{3498E59B-E446-4AD1-9F6D-6D0EC7717788}.UnitTestsOnly|Win32.ActiveCfg = UnitTestsOnly|Win32
		{3498E59B-E446-4AD1-9F6D-6D0EC7717788}.UnitTestsOnly|Win32.Build.0 = UnitTestsOnly|Win32
		{3498E59B-E446-4AD1-9F6D-6D0EC7717788}.UnitTestsOnly|x64.ActiveCfg = UnitTestsOnly|x64
		{3498E59B-E446-4AD1-9F6D-6D0EC7717788}.UnitTestsOnly|x64.Build.0 = UnitTestsOnly|x64
		{3498E59B-E446-4AD1-9F6D-6D0EC7717788}.UnitTestsOnly|x86.ActiveCfg = UnitTestsOnly|Win32
		{3498E59B-E446-4AD1-9F6D-6D0EC7717788}.UnitTestsOnly|x86.Build.0 = UnitTestsOnly|Win32
		{75754407-8889-4947-9FE6-0B6721222652}.Debug|Any CPU.ActiveCfg = Debug|Win32
		{75754407-8889-4947-9FE6-0B6721222652}.Debug|Mixed Platforms.ActiveCfg = Debug|Win32
		{75754407-8889-4947-9FE6-0B6721222652}.Debug|Mixed Platforms.Build.0 = Debug|Win32
		{75754407-8889-4947-9FE6-0B6721222652}.Debug|Win32.ActiveCfg = Debug|Win32
		{75754407-8889-4947-9FE6-0B6721222652}.Debug|Win32.Build.0 = Debug|Win32
		{75754407-8889-4947-9FE6-0B6721222652}.Debug|x64.ActiveCfg = Debug|x64
		{75754407-8889-4947-9FE6-0B6721222652}.Debug|x64.Build.0 = Debug|x64
		{75754407-8889-4947-9FE6-0B6721222652}.Debug|x86.ActiveCfg = Debug|Win32
		{75754407-8889-4947-9FE6-0B6721222652}.Debug|x86.Build.0 = Debug|Win32
		{75754407-8889-4947-9FE6-0B6721222652}.Release|Any CPU.ActiveCfg = Release|Win32
		{75754407-8889-4947-9FE6-0B6721222652}.Release|Mixed Platforms.ActiveCfg = Release|Win32
		{75754407-8889-4947-9FE6-0B6721222652}.Release|Mixed Platforms.Build.0 = Release|Win32
		{75754407-8889-4947-9FE6-0B6721222652}.Release|Win32.ActiveCfg = Release|Win32
		{75754407-8889-4947-9FE6-0B6721222652}.Release|Win32.Build.0 = Release|Win32
		{75754407-8889-4947-9FE6-0B6721222652}.Release|x64.ActiveCfg = Release|x64
		{75754407-8889-4947-9FE6-0B6721222652}.Release|x64.Build.0 = Release|x64
		{75754407-8889-4947-9FE6-0B6721222652}.Release|x86.ActiveCfg = Release|Win32
		{75754407-8889-4947-9FE6-0B6721222652}.Release|x86.Build.0 = Release|Win32
		{75754407-8889-4947-9FE6-0B6721222652}.UnitTestsOnly|Any CPU.ActiveCfg = UnitTestsOnly|Win32
		{75754407-8889-4947-9FE6-0B6721222652}.UnitTestsOnly|Mixed Platforms.ActiveCfg = UnitTestsOnly|Win32
		{75754407-8889-4947-9FE6-0B6721222652}.UnitTestsOnly|Mixed Platforms.Build.0 = UnitTestsOnly|Win32
		{75754407-8889-4947-9FE6-0B6721222652}.UnitTestsOnly|Win32.ActiveCfg = UnitTestsOnly|Win32
		{75754407-8889-4947-9FE6-0B6721222652}.UnitTestsOnly|Win32.Build.0 = UnitTestsOnly|Win32
		{75754407-8889-4947-9FE6-0B6721222652}.UnitTestsOnly|x64.ActiveCfg = UnitTestsOnly|x64
		{75754407-8889-4947-9FE6-0B6721222652}.UnitTestsOnly|x64.Build.0 = UnitTestsOnly|x64
		{75754407-8889-4947-9FE6-0B6721222652}.UnitTestsOnly|x86.ActiveCfg = UnitTestsOnly|Win32
		{75754407-8889-4947-9FE6-0B6721222652}.UnitTestsOnly|x86.Build.0 = UnitTestsOnly|Win32
		{6FFBFD4D-1E78-4F8F-8CFB-84838AAB0DE7}.Debug|Any CPU.ActiveCfg = Debug|Any CPU
		{6FFBFD4D-1E78-4F8F-8CFB-84838AAB0DE7}.Debug|Any CPU.Build.0 = Debug|Any CPU
		{6FFBFD4D-1E78-4F8F-8CFB-84838AAB0DE7}.Debug|Mixed Platforms.ActiveCfg = Debug|Any CPU
		{6FFBFD4D-1E78-4F8F-8CFB-84838AAB0DE7}.Debug|Mixed Platforms.Build.0 = Debug|Any CPU
		{6FFBFD4D-1E78-4F8F-8CFB-84838AAB0DE7}.Debug|Win32.ActiveCfg = Debug|Any CPU
		{6FFBFD4D-1E78-4F8F-8CFB-84838AAB0DE7}.Debug|x64.ActiveCfg = Debug|x64
		{6FFBFD4D-1E78-4F8F-8CFB-84838AAB0DE7}.Debug|x86.ActiveCfg = Debug|Any CPU
		{6FFBFD4D-1E78-4F8F-8CFB-84838AAB0DE7}.Release|Any CPU.ActiveCfg = Release|Any CPU
		{6FFBFD4D-1E78-4F8F-8CFB-84838AAB0DE7}.Release|Any CPU.Build.0 = Release|Any CPU
		{6FFBFD4D-1E78-4F8F-8CFB-84838AAB0DE7}.Release|Mixed Platforms.ActiveCfg = Release|Any CPU
		{6FFBFD4D-1E78-4F8F-8CFB-84838AAB0DE7}.Release|Mixed Platforms.Build.0 = Release|Any CPU
		{6FFBFD4D-1E78-4F8F-8CFB-84838AAB0DE7}.Release|Win32.ActiveCfg = Release|Any CPU
		{6FFBFD4D-1E78-4F8F-8CFB-84838AAB0DE7}.Release|x64.ActiveCfg = Release|x64
		{6FFBFD4D-1E78-4F8F-8CFB-84838AAB0DE7}.Release|x86.ActiveCfg = Release|Any CPU
		{6FFBFD4D-1E78-4F8F-8CFB-84838AAB0DE7}.UnitTestsOnly|Any CPU.ActiveCfg = UnitTestsOnly|Any CPU
		{6FFBFD4D-1E78-4F8F-8CFB-84838AAB0DE7}.UnitTestsOnly|Mixed Platforms.ActiveCfg = UnitTestsOnly|Any CPU
		{6FFBFD4D-1E78-4F8F-8CFB-84838AAB0DE7}.UnitTestsOnly|Mixed Platforms.Build.0 = UnitTestsOnly|Any CPU
		{6FFBFD4D-1E78-4F8F-8CFB-84838AAB0DE7}.UnitTestsOnly|Win32.ActiveCfg = UnitTestsOnly|Any CPU
		{6FFBFD4D-1E78-4F8F-8CFB-84838AAB0DE7}.UnitTestsOnly|x64.ActiveCfg = UnitTestsOnly|x64
		{6FFBFD4D-1E78-4F8F-8CFB-84838AAB0DE7}.UnitTestsOnly|x86.ActiveCfg = UnitTestsOnly|Any CPU
		{2FE64477-4E66-43BE-B9F6-46BB5F950620}.Debug|Any CPU.ActiveCfg = Debug|Win32
		{2FE64477-4E66-43BE-B9F6-46BB5F950620}.Debug|Mixed Platforms.ActiveCfg = Debug|Win32
		{2FE64477-4E66-43BE-B9F6-46BB5F950620}.Debug|Mixed Platforms.Build.0 = Debug|Win32
		{2FE64477-4E66-43BE-B9F6-46BB5F950620}.Debug|Win32.ActiveCfg = Debug|Win32
		{2FE64477-4E66-43BE-B9F6-46BB5F950620}.Debug|Win32.Build.0 = Debug|Win32
		{2FE64477-4E66-43BE-B9F6-46BB5F950620}.Debug|x64.ActiveCfg = Debug|Win32
		{2FE64477-4E66-43BE-B9F6-46BB5F950620}.Debug|x86.ActiveCfg = Debug|Win32
		{2FE64477-4E66-43BE-B9F6-46BB5F950620}.Debug|x86.Build.0 = Debug|Win32
		{2FE64477-4E66-43BE-B9F6-46BB5F950620}.Release|Any CPU.ActiveCfg = Release|Win32
		{2FE64477-4E66-43BE-B9F6-46BB5F950620}.Release|Mixed Platforms.ActiveCfg = Release|Win32
		{2FE64477-4E66-43BE-B9F6-46BB5F950620}.Release|Mixed Platforms.Build.0 = Release|Win32
		{2FE64477-4E66-43BE-B9F6-46BB5F950620}.Release|Win32.ActiveCfg = Release|Win32
		{2FE64477-4E66-43BE-B9F6-46BB5F950620}.Release|Win32.Build.0 = Release|Win32
		{2FE64477-4E66-43BE-B9F6-46BB5F950620}.Release|x64.ActiveCfg = Release|Win32
		{2FE64477-4E66-43BE-B9F6-46BB5F950620}.Release|x86.ActiveCfg = Release|Win32
		{2FE64477-4E66-43BE-B9F6-46BB5F950620}.Release|x86.Build.0 = Release|Win32
		{2FE64477-4E66-43BE-B9F6-46BB5F950620}.UnitTestsOnly|Any CPU.ActiveCfg = UnitTestsOnly|Win32
		{2FE64477-4E66-43BE-B9F6-46BB5F950620}.UnitTestsOnly|Mixed Platforms.ActiveCfg = UnitTestsOnly|Win32
		{2FE64477-4E66-43BE-B9F6-46BB5F950620}.UnitTestsOnly|Mixed Platforms.Build.0 = UnitTestsOnly|Win32
		{2FE64477-4E66-43BE-B9F6-46BB5F950620}.UnitTestsOnly|Win32.ActiveCfg = UnitTestsOnly|Win32
		{2FE64477-4E66-43BE-B9F6-46BB5F950620}.UnitTestsOnly|Win32.Build.0 = UnitTestsOnly|Win32
		{2FE64477-4E66-43BE-B9F6-46BB5F950620}.UnitTestsOnly|x64.ActiveCfg = UnitTestsOnly|Win32
		{2FE64477-4E66-43BE-B9F6-46BB5F950620}.UnitTestsOnly|x86.ActiveCfg = UnitTestsOnly|Win32
		{2FE64477-4E66-43BE-B9F6-46BB5F950620}.UnitTestsOnly|x86.Build.0 = UnitTestsOnly|Win32
	EndGlobalSection
	GlobalSection(SolutionProperties) = preSolution
		HideSolutionNode = FALSE
	EndGlobalSection
EndGlobal
