
Microsoft Visual Studio Solution File, Format Version 12.00
# Visual Studio 2013
VisualStudioVersion = 12.0.21005.1
MinimumVisualStudioVersion = 10.0.40219.1
Project("{FAE04EC0-301F-11D3-BF4B-00C04F79EFBC}") = "AI", "ai3\AI.csproj", "{D0BB976A-8F3F-4F1A-8458-8507C933162A}"
EndProject
Project("{FAE04EC0-301F-11D3-BF4B-00C04F79EFBC}") = "AI.Core", "AI.Core\AI.Core.csproj", "{AF051808-33A1-42C2-8D7E-CD65F8E6748C}"
EndProject
Project("{8BC9CEB8-8B4A-11D0-8D11-00A0C91BC942}") = "Core", "Core\Core.vcxproj", "{8A9CCBAD-571E-4C04-A45E-09F2F9091BB8}"
EndProject
Project("{8BC9CEB8-8B4A-11D0-8D11-00A0C91BC942}") = "CoreTests", "CoreTests\CoreTests.vcxproj", "{3498E59B-E446-4AD1-9F6D-6D0EC7717788}"
	ProjectSection(ProjectDependencies) = postProject
		{8A9CCBAD-571E-4C04-A45E-09F2F9091BB8} = {8A9CCBAD-571E-4C04-A45E-09F2F9091BB8}
	EndProjectSection
EndProject
Project("{8BC9CEB8-8B4A-11D0-8D11-00A0C91BC942}") = "CorePerfomanceTests", "CorePerfomanceTests\CorePerfomanceTests.vcxproj", "{75754407-8889-4947-9FE6-0B6721222652}"
	ProjectSection(ProjectDependencies) = postProject
		{8A9CCBAD-571E-4C04-A45E-09F2F9091BB8} = {8A9CCBAD-571E-4C04-A45E-09F2F9091BB8}
	EndProjectSection
EndProject
Project("{FAE04EC0-301F-11D3-BF4B-00C04F79EFBC}") = "Visualizer", "Visualizer\Visualizer.csproj", "{6FFBFD4D-1E78-4F8F-8CFB-84838AAB0DE7}"
EndProject
Project("{8BC9CEB8-8B4A-11D0-8D11-00A0C91BC942}") = "Runner", "Runner\Runner.vcxproj", "{2FE64477-4E66-43BE-B9F6-46BB5F950620}"
	ProjectSection(ProjectDependencies) = postProject
		{8A9CCBAD-571E-4C04-A45E-09F2F9091BB8} = {8A9CCBAD-571E-4C04-A45E-09F2F9091BB8}
	EndProjectSection
EndProject
Project("{2150E333-8FDC-42A3-9474-1A3956D46DE8}") = "Solution Items", "Solution Items", "{898AEF08-717A-4BDD-8825-DD248B3A52DA}"
	ProjectSection(SolutionItems) = preProject
		OptimizationIdeas.txt = OptimizationIdeas.txt
		Performance2.psess = Performance2.psess
	EndProjectSection
EndProject
Project("{8BC9CEB8-8B4A-11D0-8D11-00A0C91BC942}") = "CoreNativeLibrary", "CoreNativeLibrary\CoreNativeLibrary.vcxproj", "{ED62CD00-A2D4-4BD3-80A0-C32391963570}"
EndProject
Project("{FAE04EC0-301F-11D3-BF4B-00C04F79EFBC}") = "NativeWrapper", "NativeWrapper\NativeWrapper.csproj", "{6DDD487A-701F-4815-834E-CD84BC1B3207}"
	ProjectSection(ProjectDependencies) = postProject
		{ED62CD00-A2D4-4BD3-80A0-C32391963570} = {ED62CD00-A2D4-4BD3-80A0-C32391963570}
		{B3549ECC-3626-4CE1-9D80-76B378DDFE60} = {B3549ECC-3626-4CE1-9D80-76B378DDFE60}
	EndProjectSection
EndProject
Project("{FAE04EC0-301F-11D3-BF4B-00C04F79EFBC}") = "TestRunner", "TestRunner\TestRunner.csproj", "{233AEDEA-DD4E-43BA-BAF9-0914CD48AD2B}"
EndProject
Project("{8BC9CEB8-8B4A-11D0-8D11-00A0C91BC942}") = "ManagedPlusPlusWrapper", "ManagedPlusPlusWrapper\ManagedPlusPlusWrapper.vcxproj", "{B3549ECC-3626-4CE1-9D80-76B378DDFE60}"
EndProject
Global
	GlobalSection(SolutionConfigurationPlatforms) = preSolution
		Debug|Any CPU = Debug|Any CPU
		Debug|Mixed Platforms = Debug|Mixed Platforms
		Debug|Win32 = Debug|Win32
		Debug|x64 = Debug|x64
		Debug|x86 = Debug|x86
		PerfomanceTesting|Any CPU = PerfomanceTesting|Any CPU
		PerfomanceTesting|Mixed Platforms = PerfomanceTesting|Mixed Platforms
		PerfomanceTesting|Win32 = PerfomanceTesting|Win32
		PerfomanceTesting|x64 = PerfomanceTesting|x64
		PerfomanceTesting|x86 = PerfomanceTesting|x86
		Release|Any CPU = Release|Any CPU
		Release|Mixed Platforms = Release|Mixed Platforms
		Release|Win32 = Release|Win32
		Release|x64 = Release|x64
		Release|x86 = Release|x86
		UnitTestingConfiguration|Any CPU = UnitTestingConfiguration|Any CPU
		UnitTestingConfiguration|Mixed Platforms = UnitTestingConfiguration|Mixed Platforms
		UnitTestingConfiguration|Win32 = UnitTestingConfiguration|Win32
		UnitTestingConfiguration|x64 = UnitTestingConfiguration|x64
		UnitTestingConfiguration|x86 = UnitTestingConfiguration|x86
	EndGlobalSection
	GlobalSection(ProjectConfigurationPlatforms) = postSolution
		{D0BB976A-8F3F-4F1A-8458-8507C933162A}.Debug|Any CPU.ActiveCfg = Debug|x86
		{D0BB976A-8F3F-4F1A-8458-8507C933162A}.Debug|Mixed Platforms.ActiveCfg = Debug|x86
		{D0BB976A-8F3F-4F1A-8458-8507C933162A}.Debug|Win32.ActiveCfg = Debug|x86
		{D0BB976A-8F3F-4F1A-8458-8507C933162A}.Debug|x64.ActiveCfg = Debug|x64
		{D0BB976A-8F3F-4F1A-8458-8507C933162A}.Debug|x64.Build.0 = Debug|x64
		{D0BB976A-8F3F-4F1A-8458-8507C933162A}.Debug|x86.ActiveCfg = Debug|x86
		{D0BB976A-8F3F-4F1A-8458-8507C933162A}.PerfomanceTesting|Any CPU.ActiveCfg = PerfomanceTesting|x86
		{D0BB976A-8F3F-4F1A-8458-8507C933162A}.PerfomanceTesting|Mixed Platforms.ActiveCfg = PerfomanceTesting|x86
		{D0BB976A-8F3F-4F1A-8458-8507C933162A}.PerfomanceTesting|Mixed Platforms.Build.0 = PerfomanceTesting|x86
		{D0BB976A-8F3F-4F1A-8458-8507C933162A}.PerfomanceTesting|Win32.ActiveCfg = PerfomanceTesting|x86
		{D0BB976A-8F3F-4F1A-8458-8507C933162A}.PerfomanceTesting|x64.ActiveCfg = PerfomanceTesting|x64
		{D0BB976A-8F3F-4F1A-8458-8507C933162A}.PerfomanceTesting|x64.Build.0 = PerfomanceTesting|x64
		{D0BB976A-8F3F-4F1A-8458-8507C933162A}.PerfomanceTesting|x86.ActiveCfg = PerfomanceTesting|x86
		{D0BB976A-8F3F-4F1A-8458-8507C933162A}.PerfomanceTesting|x86.Build.0 = PerfomanceTesting|x86
		{D0BB976A-8F3F-4F1A-8458-8507C933162A}.Release|Any CPU.ActiveCfg = Release|x86
		{D0BB976A-8F3F-4F1A-8458-8507C933162A}.Release|Mixed Platforms.ActiveCfg = Release|x86
		{D0BB976A-8F3F-4F1A-8458-8507C933162A}.Release|Win32.ActiveCfg = Release|x86
		{D0BB976A-8F3F-4F1A-8458-8507C933162A}.Release|Win32.Build.0 = Release|x86
		{D0BB976A-8F3F-4F1A-8458-8507C933162A}.Release|x64.ActiveCfg = Release|x64
		{D0BB976A-8F3F-4F1A-8458-8507C933162A}.Release|x86.ActiveCfg = Release|x86
		{D0BB976A-8F3F-4F1A-8458-8507C933162A}.Release|x86.Build.0 = Release|x86
		{D0BB976A-8F3F-4F1A-8458-8507C933162A}.UnitTestingConfiguration|Any CPU.ActiveCfg = UnitTestingConfiguration|x86
		{D0BB976A-8F3F-4F1A-8458-8507C933162A}.UnitTestingConfiguration|Mixed Platforms.ActiveCfg = UnitTestingConfiguration|x86
		{D0BB976A-8F3F-4F1A-8458-8507C933162A}.UnitTestingConfiguration|Win32.ActiveCfg = UnitTestingConfiguration|x86
		{D0BB976A-8F3F-4F1A-8458-8507C933162A}.UnitTestingConfiguration|x64.ActiveCfg = UnitTestingConfiguration|x64
		{D0BB976A-8F3F-4F1A-8458-8507C933162A}.UnitTestingConfiguration|x86.ActiveCfg = UnitTestingConfiguration|x86
		{AF051808-33A1-42C2-8D7E-CD65F8E6748C}.Debug|Any CPU.ActiveCfg = Debug|Any CPU
		{AF051808-33A1-42C2-8D7E-CD65F8E6748C}.Debug|Any CPU.Build.0 = Debug|Any CPU
		{AF051808-33A1-42C2-8D7E-CD65F8E6748C}.Debug|Mixed Platforms.ActiveCfg = Debug|Any CPU
		{AF051808-33A1-42C2-8D7E-CD65F8E6748C}.Debug|Win32.ActiveCfg = Debug|Any CPU
		{AF051808-33A1-42C2-8D7E-CD65F8E6748C}.Debug|x64.ActiveCfg = Debug|x64
		{AF051808-33A1-42C2-8D7E-CD65F8E6748C}.Debug|x86.ActiveCfg = Debug|Any CPU
		{AF051808-33A1-42C2-8D7E-CD65F8E6748C}.PerfomanceTesting|Any CPU.ActiveCfg = PerfomanceTesting|Any CPU
		{AF051808-33A1-42C2-8D7E-CD65F8E6748C}.PerfomanceTesting|Mixed Platforms.ActiveCfg = PerfomanceTesting|Any CPU
		{AF051808-33A1-42C2-8D7E-CD65F8E6748C}.PerfomanceTesting|Mixed Platforms.Build.0 = PerfomanceTesting|Any CPU
		{AF051808-33A1-42C2-8D7E-CD65F8E6748C}.PerfomanceTesting|Win32.ActiveCfg = PerfomanceTesting|Any CPU
		{AF051808-33A1-42C2-8D7E-CD65F8E6748C}.PerfomanceTesting|x64.ActiveCfg = PerfomanceTesting|x64
		{AF051808-33A1-42C2-8D7E-CD65F8E6748C}.PerfomanceTesting|x86.ActiveCfg = PerfomanceTesting|Any CPU
		{AF051808-33A1-42C2-8D7E-CD65F8E6748C}.Release|Any CPU.ActiveCfg = Release|Any CPU
		{AF051808-33A1-42C2-8D7E-CD65F8E6748C}.Release|Any CPU.Build.0 = Release|Any CPU
		{AF051808-33A1-42C2-8D7E-CD65F8E6748C}.Release|Mixed Platforms.ActiveCfg = Release|Any CPU
		{AF051808-33A1-42C2-8D7E-CD65F8E6748C}.Release|Win32.ActiveCfg = Release|Any CPU
		{AF051808-33A1-42C2-8D7E-CD65F8E6748C}.Release|x64.ActiveCfg = Release|x64
		{AF051808-33A1-42C2-8D7E-CD65F8E6748C}.Release|x86.ActiveCfg = Release|Any CPU
		{AF051808-33A1-42C2-8D7E-CD65F8E6748C}.UnitTestingConfiguration|Any CPU.ActiveCfg = UnitTestingConfiguration|Any CPU
		{AF051808-33A1-42C2-8D7E-CD65F8E6748C}.UnitTestingConfiguration|Mixed Platforms.ActiveCfg = UnitTestingConfiguration|Any CPU
		{AF051808-33A1-42C2-8D7E-CD65F8E6748C}.UnitTestingConfiguration|Win32.ActiveCfg = UnitTestingConfiguration|Any CPU
		{AF051808-33A1-42C2-8D7E-CD65F8E6748C}.UnitTestingConfiguration|x64.ActiveCfg = UnitTestingConfiguration|x64
		{AF051808-33A1-42C2-8D7E-CD65F8E6748C}.UnitTestingConfiguration|x64.Build.0 = UnitTestingConfiguration|x64
		{AF051808-33A1-42C2-8D7E-CD65F8E6748C}.UnitTestingConfiguration|x86.ActiveCfg = UnitTestingConfiguration|Any CPU
		{8A9CCBAD-571E-4C04-A45E-09F2F9091BB8}.Debug|Any CPU.ActiveCfg = Debug|Win32
		{8A9CCBAD-571E-4C04-A45E-09F2F9091BB8}.Debug|Mixed Platforms.ActiveCfg = Debug|Win32
		{8A9CCBAD-571E-4C04-A45E-09F2F9091BB8}.Debug|Mixed Platforms.Build.0 = Debug|Win32
		{8A9CCBAD-571E-4C04-A45E-09F2F9091BB8}.Debug|Win32.ActiveCfg = Debug|Win32
		{8A9CCBAD-571E-4C04-A45E-09F2F9091BB8}.Debug|Win32.Build.0 = Debug|Win32
		{8A9CCBAD-571E-4C04-A45E-09F2F9091BB8}.Debug|x64.ActiveCfg = Debug|x64
		{8A9CCBAD-571E-4C04-A45E-09F2F9091BB8}.Debug|x64.Build.0 = Debug|x64
		{8A9CCBAD-571E-4C04-A45E-09F2F9091BB8}.Debug|x86.ActiveCfg = Debug|Win32
		{8A9CCBAD-571E-4C04-A45E-09F2F9091BB8}.Debug|x86.Build.0 = Debug|Win32
		{8A9CCBAD-571E-4C04-A45E-09F2F9091BB8}.PerfomanceTesting|Any CPU.ActiveCfg = PerfomanceTesting|Win32
		{8A9CCBAD-571E-4C04-A45E-09F2F9091BB8}.PerfomanceTesting|Mixed Platforms.ActiveCfg = PerfomanceTesting|Win32
		{8A9CCBAD-571E-4C04-A45E-09F2F9091BB8}.PerfomanceTesting|Mixed Platforms.Build.0 = PerfomanceTesting|Win32
		{8A9CCBAD-571E-4C04-A45E-09F2F9091BB8}.PerfomanceTesting|Win32.ActiveCfg = PerfomanceTesting|Win32
		{8A9CCBAD-571E-4C04-A45E-09F2F9091BB8}.PerfomanceTesting|Win32.Build.0 = PerfomanceTesting|Win32
		{8A9CCBAD-571E-4C04-A45E-09F2F9091BB8}.PerfomanceTesting|x64.ActiveCfg = PerfomanceTesting|x64
		{8A9CCBAD-571E-4C04-A45E-09F2F9091BB8}.PerfomanceTesting|x64.Build.0 = PerfomanceTesting|x64
		{8A9CCBAD-571E-4C04-A45E-09F2F9091BB8}.PerfomanceTesting|x86.ActiveCfg = PerfomanceTesting|Win32
		{8A9CCBAD-571E-4C04-A45E-09F2F9091BB8}.PerfomanceTesting|x86.Build.0 = PerfomanceTesting|Win32
		{8A9CCBAD-571E-4C04-A45E-09F2F9091BB8}.Release|Any CPU.ActiveCfg = Release|Win32
		{8A9CCBAD-571E-4C04-A45E-09F2F9091BB8}.Release|Mixed Platforms.ActiveCfg = Release|Win32
		{8A9CCBAD-571E-4C04-A45E-09F2F9091BB8}.Release|Mixed Platforms.Build.0 = Release|Win32
		{8A9CCBAD-571E-4C04-A45E-09F2F9091BB8}.Release|Win32.ActiveCfg = Release|Win32
		{8A9CCBAD-571E-4C04-A45E-09F2F9091BB8}.Release|Win32.Build.0 = Release|Win32
		{8A9CCBAD-571E-4C04-A45E-09F2F9091BB8}.Release|x64.ActiveCfg = Release|x64
		{8A9CCBAD-571E-4C04-A45E-09F2F9091BB8}.Release|x64.Build.0 = Release|x64
		{8A9CCBAD-571E-4C04-A45E-09F2F9091BB8}.Release|x86.ActiveCfg = Release|Win32
		{8A9CCBAD-571E-4C04-A45E-09F2F9091BB8}.Release|x86.Build.0 = Release|Win32
		{8A9CCBAD-571E-4C04-A45E-09F2F9091BB8}.UnitTestingConfiguration|Any CPU.ActiveCfg = UnitTestingConfiguration|Win32
		{8A9CCBAD-571E-4C04-A45E-09F2F9091BB8}.UnitTestingConfiguration|Mixed Platforms.ActiveCfg = UnitTestingConfiguration|Win32
		{8A9CCBAD-571E-4C04-A45E-09F2F9091BB8}.UnitTestingConfiguration|Mixed Platforms.Build.0 = UnitTestingConfiguration|Win32
		{8A9CCBAD-571E-4C04-A45E-09F2F9091BB8}.UnitTestingConfiguration|Win32.ActiveCfg = UnitTestingConfiguration|Win32
		{8A9CCBAD-571E-4C04-A45E-09F2F9091BB8}.UnitTestingConfiguration|Win32.Build.0 = UnitTestingConfiguration|Win32
		{8A9CCBAD-571E-4C04-A45E-09F2F9091BB8}.UnitTestingConfiguration|x64.ActiveCfg = UnitTestingConfiguration|x64
		{8A9CCBAD-571E-4C04-A45E-09F2F9091BB8}.UnitTestingConfiguration|x86.ActiveCfg = UnitTestingConfiguration|Win32
		{8A9CCBAD-571E-4C04-A45E-09F2F9091BB8}.UnitTestingConfiguration|x86.Build.0 = UnitTestingConfiguration|Win32
		{3498E59B-E446-4AD1-9F6D-6D0EC7717788}.Debug|Any CPU.ActiveCfg = Debug|Win32
		{3498E59B-E446-4AD1-9F6D-6D0EC7717788}.Debug|Mixed Platforms.ActiveCfg = Debug|Win32
		{3498E59B-E446-4AD1-9F6D-6D0EC7717788}.Debug|Win32.ActiveCfg = Debug|Win32
		{3498E59B-E446-4AD1-9F6D-6D0EC7717788}.Debug|x64.ActiveCfg = Debug|x64
		{3498E59B-E446-4AD1-9F6D-6D0EC7717788}.Debug|x64.Build.0 = Debug|x64
		{3498E59B-E446-4AD1-9F6D-6D0EC7717788}.Debug|x86.ActiveCfg = Debug|Win32
		{3498E59B-E446-4AD1-9F6D-6D0EC7717788}.Debug|x86.Build.0 = Debug|Win32
		{3498E59B-E446-4AD1-9F6D-6D0EC7717788}.PerfomanceTesting|Any CPU.ActiveCfg = PerfomanceTesting|Win32
		{3498E59B-E446-4AD1-9F6D-6D0EC7717788}.PerfomanceTesting|Mixed Platforms.ActiveCfg = PerfomanceTesting|Win32
		{3498E59B-E446-4AD1-9F6D-6D0EC7717788}.PerfomanceTesting|Mixed Platforms.Build.0 = PerfomanceTesting|Win32
		{3498E59B-E446-4AD1-9F6D-6D0EC7717788}.PerfomanceTesting|Win32.ActiveCfg = PerfomanceTesting|Win32
		{3498E59B-E446-4AD1-9F6D-6D0EC7717788}.PerfomanceTesting|x64.ActiveCfg = PerfomanceTesting|x64
		{3498E59B-E446-4AD1-9F6D-6D0EC7717788}.PerfomanceTesting|x64.Build.0 = PerfomanceTesting|x64
		{3498E59B-E446-4AD1-9F6D-6D0EC7717788}.PerfomanceTesting|x86.ActiveCfg = PerfomanceTesting|Win32
		{3498E59B-E446-4AD1-9F6D-6D0EC7717788}.PerfomanceTesting|x86.Build.0 = PerfomanceTesting|Win32
		{3498E59B-E446-4AD1-9F6D-6D0EC7717788}.Release|Any CPU.ActiveCfg = Release|Win32
		{3498E59B-E446-4AD1-9F6D-6D0EC7717788}.Release|Mixed Platforms.ActiveCfg = Release|Win32
		{3498E59B-E446-4AD1-9F6D-6D0EC7717788}.Release|Mixed Platforms.Build.0 = Release|Win32
		{3498E59B-E446-4AD1-9F6D-6D0EC7717788}.Release|Win32.ActiveCfg = Release|Win32
		{3498E59B-E446-4AD1-9F6D-6D0EC7717788}.Release|Win32.Build.0 = Release|Win32
		{3498E59B-E446-4AD1-9F6D-6D0EC7717788}.Release|x64.ActiveCfg = Release|x64
		{3498E59B-E446-4AD1-9F6D-6D0EC7717788}.Release|x64.Build.0 = Release|x64
		{3498E59B-E446-4AD1-9F6D-6D0EC7717788}.Release|x86.ActiveCfg = Release|Win32
		{3498E59B-E446-4AD1-9F6D-6D0EC7717788}.Release|x86.Build.0 = Release|Win32
		{3498E59B-E446-4AD1-9F6D-6D0EC7717788}.UnitTestingConfiguration|Any CPU.ActiveCfg = UnitTestingConfiguration|Win32
		{3498E59B-E446-4AD1-9F6D-6D0EC7717788}.UnitTestingConfiguration|Mixed Platforms.ActiveCfg = UnitTestingConfiguration|Win32
		{3498E59B-E446-4AD1-9F6D-6D0EC7717788}.UnitTestingConfiguration|Mixed Platforms.Build.0 = UnitTestingConfiguration|Win32
		{3498E59B-E446-4AD1-9F6D-6D0EC7717788}.UnitTestingConfiguration|Win32.ActiveCfg = UnitTestingConfiguration|Win32
		{3498E59B-E446-4AD1-9F6D-6D0EC7717788}.UnitTestingConfiguration|Win32.Build.0 = UnitTestingConfiguration|Win32
		{3498E59B-E446-4AD1-9F6D-6D0EC7717788}.UnitTestingConfiguration|x64.ActiveCfg = UnitTestingConfiguration|x64
		{3498E59B-E446-4AD1-9F6D-6D0EC7717788}.UnitTestingConfiguration|x86.ActiveCfg = UnitTestingConfiguration|Win32
		{3498E59B-E446-4AD1-9F6D-6D0EC7717788}.UnitTestingConfiguration|x86.Build.0 = UnitTestingConfiguration|Win32
		{75754407-8889-4947-9FE6-0B6721222652}.Debug|Any CPU.ActiveCfg = Debug|Win32
		{75754407-8889-4947-9FE6-0B6721222652}.Debug|Mixed Platforms.ActiveCfg = Debug|Win32
		{75754407-8889-4947-9FE6-0B6721222652}.Debug|Win32.ActiveCfg = Debug|Win32
		{75754407-8889-4947-9FE6-0B6721222652}.Debug|x64.ActiveCfg = Debug|x64
		{75754407-8889-4947-9FE6-0B6721222652}.Debug|x64.Build.0 = Debug|x64
		{75754407-8889-4947-9FE6-0B6721222652}.Debug|x86.ActiveCfg = Debug|Win32
		{75754407-8889-4947-9FE6-0B6721222652}.Debug|x86.Build.0 = Debug|Win32
		{75754407-8889-4947-9FE6-0B6721222652}.PerfomanceTesting|Any CPU.ActiveCfg = PerfomanceTesting|Win32
		{75754407-8889-4947-9FE6-0B6721222652}.PerfomanceTesting|Mixed Platforms.ActiveCfg = PerfomanceTesting|Win32
		{75754407-8889-4947-9FE6-0B6721222652}.PerfomanceTesting|Mixed Platforms.Build.0 = PerfomanceTesting|Win32
		{75754407-8889-4947-9FE6-0B6721222652}.PerfomanceTesting|Win32.ActiveCfg = PerfomanceTesting|Win32
		{75754407-8889-4947-9FE6-0B6721222652}.PerfomanceTesting|Win32.Build.0 = PerfomanceTesting|Win32
		{75754407-8889-4947-9FE6-0B6721222652}.PerfomanceTesting|x64.ActiveCfg = PerfomanceTesting|x64
		{75754407-8889-4947-9FE6-0B6721222652}.PerfomanceTesting|x86.ActiveCfg = PerfomanceTesting|Win32
		{75754407-8889-4947-9FE6-0B6721222652}.PerfomanceTesting|x86.Build.0 = PerfomanceTesting|Win32
		{75754407-8889-4947-9FE6-0B6721222652}.Release|Any CPU.ActiveCfg = Release|Win32
		{75754407-8889-4947-9FE6-0B6721222652}.Release|Mixed Platforms.ActiveCfg = Release|Win32
		{75754407-8889-4947-9FE6-0B6721222652}.Release|Mixed Platforms.Build.0 = Release|Win32
		{75754407-8889-4947-9FE6-0B6721222652}.Release|Win32.ActiveCfg = Release|Win32
		{75754407-8889-4947-9FE6-0B6721222652}.Release|x64.ActiveCfg = Release|x64
		{75754407-8889-4947-9FE6-0B6721222652}.Release|x64.Build.0 = Release|x64
		{75754407-8889-4947-9FE6-0B6721222652}.Release|x86.ActiveCfg = Release|Win32
		{75754407-8889-4947-9FE6-0B6721222652}.Release|x86.Build.0 = Release|Win32
		{75754407-8889-4947-9FE6-0B6721222652}.UnitTestingConfiguration|Any CPU.ActiveCfg = UnitTestingConfiguration|Win32
		{75754407-8889-4947-9FE6-0B6721222652}.UnitTestingConfiguration|Mixed Platforms.ActiveCfg = UnitTestingConfiguration|Win32
		{75754407-8889-4947-9FE6-0B6721222652}.UnitTestingConfiguration|Win32.ActiveCfg = UnitTestingConfiguration|Win32
		{75754407-8889-4947-9FE6-0B6721222652}.UnitTestingConfiguration|x64.ActiveCfg = UnitTestingConfiguration|x64
		{75754407-8889-4947-9FE6-0B6721222652}.UnitTestingConfiguration|x86.ActiveCfg = UnitTestingConfiguration|Win32
		{6FFBFD4D-1E78-4F8F-8CFB-84838AAB0DE7}.Debug|Any CPU.ActiveCfg = Debug|Any CPU
		{6FFBFD4D-1E78-4F8F-8CFB-84838AAB0DE7}.Debug|Any CPU.Build.0 = Debug|Any CPU
		{6FFBFD4D-1E78-4F8F-8CFB-84838AAB0DE7}.Debug|Mixed Platforms.ActiveCfg = Debug|Any CPU
		{6FFBFD4D-1E78-4F8F-8CFB-84838AAB0DE7}.Debug|Mixed Platforms.Build.0 = Debug|Any CPU
		{6FFBFD4D-1E78-4F8F-8CFB-84838AAB0DE7}.Debug|Win32.ActiveCfg = Debug|Any CPU
		{6FFBFD4D-1E78-4F8F-8CFB-84838AAB0DE7}.Debug|Win32.Build.0 = Debug|Any CPU
		{6FFBFD4D-1E78-4F8F-8CFB-84838AAB0DE7}.Debug|x64.ActiveCfg = Debug|x64
		{6FFBFD4D-1E78-4F8F-8CFB-84838AAB0DE7}.Debug|x86.ActiveCfg = Debug|Any CPU
		{6FFBFD4D-1E78-4F8F-8CFB-84838AAB0DE7}.PerfomanceTesting|Any CPU.ActiveCfg = PerfomanceTesting|Any CPU
		{6FFBFD4D-1E78-4F8F-8CFB-84838AAB0DE7}.PerfomanceTesting|Mixed Platforms.ActiveCfg = PerfomanceTesting|Any CPU
		{6FFBFD4D-1E78-4F8F-8CFB-84838AAB0DE7}.PerfomanceTesting|Mixed Platforms.Build.0 = PerfomanceTesting|Any CPU
		{6FFBFD4D-1E78-4F8F-8CFB-84838AAB0DE7}.PerfomanceTesting|Win32.ActiveCfg = PerfomanceTesting|Any CPU
		{6FFBFD4D-1E78-4F8F-8CFB-84838AAB0DE7}.PerfomanceTesting|x64.ActiveCfg = PerfomanceTesting|x64
		{6FFBFD4D-1E78-4F8F-8CFB-84838AAB0DE7}.PerfomanceTesting|x86.ActiveCfg = PerfomanceTesting|Any CPU
		{6FFBFD4D-1E78-4F8F-8CFB-84838AAB0DE7}.Release|Any CPU.ActiveCfg = Release|Any CPU
		{6FFBFD4D-1E78-4F8F-8CFB-84838AAB0DE7}.Release|Any CPU.Build.0 = Release|Any CPU
		{6FFBFD4D-1E78-4F8F-8CFB-84838AAB0DE7}.Release|Mixed Platforms.ActiveCfg = Release|Any CPU
		{6FFBFD4D-1E78-4F8F-8CFB-84838AAB0DE7}.Release|Mixed Platforms.Build.0 = Release|Any CPU
		{6FFBFD4D-1E78-4F8F-8CFB-84838AAB0DE7}.Release|Win32.ActiveCfg = Release|Any CPU
		{6FFBFD4D-1E78-4F8F-8CFB-84838AAB0DE7}.Release|Win32.Build.0 = Release|Any CPU
		{6FFBFD4D-1E78-4F8F-8CFB-84838AAB0DE7}.Release|x64.ActiveCfg = Release|x64
		{6FFBFD4D-1E78-4F8F-8CFB-84838AAB0DE7}.Release|x86.ActiveCfg = Release|Any CPU
		{6FFBFD4D-1E78-4F8F-8CFB-84838AAB0DE7}.UnitTestingConfiguration|Any CPU.ActiveCfg = UnitTestingConfiguration|Any CPU
		{6FFBFD4D-1E78-4F8F-8CFB-84838AAB0DE7}.UnitTestingConfiguration|Mixed Platforms.ActiveCfg = UnitTestingConfiguration|Any CPU
		{6FFBFD4D-1E78-4F8F-8CFB-84838AAB0DE7}.UnitTestingConfiguration|Win32.ActiveCfg = UnitTestingConfiguration|Any CPU
		{6FFBFD4D-1E78-4F8F-8CFB-84838AAB0DE7}.UnitTestingConfiguration|x64.ActiveCfg = UnitTestingConfiguration|x64
		{6FFBFD4D-1E78-4F8F-8CFB-84838AAB0DE7}.UnitTestingConfiguration|x64.Build.0 = UnitTestingConfiguration|x64
		{6FFBFD4D-1E78-4F8F-8CFB-84838AAB0DE7}.UnitTestingConfiguration|x86.ActiveCfg = UnitTestingConfiguration|Any CPU
		{2FE64477-4E66-43BE-B9F6-46BB5F950620}.Debug|Any CPU.ActiveCfg = Debug|Win32
		{2FE64477-4E66-43BE-B9F6-46BB5F950620}.Debug|Mixed Platforms.ActiveCfg = Debug|Win32
		{2FE64477-4E66-43BE-B9F6-46BB5F950620}.Debug|Mixed Platforms.Build.0 = Debug|Win32
		{2FE64477-4E66-43BE-B9F6-46BB5F950620}.Debug|Win32.ActiveCfg = Debug|Win32
		{2FE64477-4E66-43BE-B9F6-46BB5F950620}.Debug|Win32.Build.0 = Debug|Win32
		{2FE64477-4E66-43BE-B9F6-46BB5F950620}.Debug|x64.ActiveCfg = Debug|Win32
		{2FE64477-4E66-43BE-B9F6-46BB5F950620}.Debug|x86.ActiveCfg = Debug|Win32
		{2FE64477-4E66-43BE-B9F6-46BB5F950620}.Debug|x86.Build.0 = Debug|Win32
		{2FE64477-4E66-43BE-B9F6-46BB5F950620}.PerfomanceTesting|Any CPU.ActiveCfg = PerfomanceTesting|Win32
		{2FE64477-4E66-43BE-B9F6-46BB5F950620}.PerfomanceTesting|Mixed Platforms.ActiveCfg = PerfomanceTesting|Win32
		{2FE64477-4E66-43BE-B9F6-46BB5F950620}.PerfomanceTesting|Mixed Platforms.Build.0 = PerfomanceTesting|Win32
		{2FE64477-4E66-43BE-B9F6-46BB5F950620}.PerfomanceTesting|Win32.ActiveCfg = PerfomanceTesting|Win32
		{2FE64477-4E66-43BE-B9F6-46BB5F950620}.PerfomanceTesting|x64.ActiveCfg = PerfomanceTesting|Win32
		{2FE64477-4E66-43BE-B9F6-46BB5F950620}.PerfomanceTesting|x86.ActiveCfg = PerfomanceTesting|Win32
		{2FE64477-4E66-43BE-B9F6-46BB5F950620}.PerfomanceTesting|x86.Build.0 = PerfomanceTesting|Win32
		{2FE64477-4E66-43BE-B9F6-46BB5F950620}.Release|Any CPU.ActiveCfg = Release|Win32
		{2FE64477-4E66-43BE-B9F6-46BB5F950620}.Release|Mixed Platforms.ActiveCfg = Release|Win32
		{2FE64477-4E66-43BE-B9F6-46BB5F950620}.Release|Mixed Platforms.Build.0 = Release|Win32
		{2FE64477-4E66-43BE-B9F6-46BB5F950620}.Release|Win32.ActiveCfg = Release|Win32
		{2FE64477-4E66-43BE-B9F6-46BB5F950620}.Release|Win32.Build.0 = Release|Win32
		{2FE64477-4E66-43BE-B9F6-46BB5F950620}.Release|x64.ActiveCfg = Release|Win32
		{2FE64477-4E66-43BE-B9F6-46BB5F950620}.Release|x86.ActiveCfg = Release|Win32
		{2FE64477-4E66-43BE-B9F6-46BB5F950620}.Release|x86.Build.0 = Release|Win32
		{2FE64477-4E66-43BE-B9F6-46BB5F950620}.UnitTestingConfiguration|Any CPU.ActiveCfg = UnitTestingConfiguration|Win32
		{2FE64477-4E66-43BE-B9F6-46BB5F950620}.UnitTestingConfiguration|Mixed Platforms.ActiveCfg = UnitTestingConfiguration|Win32
		{2FE64477-4E66-43BE-B9F6-46BB5F950620}.UnitTestingConfiguration|Win32.ActiveCfg = UnitTestingConfiguration|Win32
		{2FE64477-4E66-43BE-B9F6-46BB5F950620}.UnitTestingConfiguration|x64.ActiveCfg = UnitTestingConfiguration|Win32
		{2FE64477-4E66-43BE-B9F6-46BB5F950620}.UnitTestingConfiguration|x86.ActiveCfg = UnitTestingConfiguration|Win32
		{ED62CD00-A2D4-4BD3-80A0-C32391963570}.Debug|Any CPU.ActiveCfg = Debug|Win32
		{ED62CD00-A2D4-4BD3-80A0-C32391963570}.Debug|Mixed Platforms.ActiveCfg = Debug|Win32
		{ED62CD00-A2D4-4BD3-80A0-C32391963570}.Debug|Mixed Platforms.Build.0 = Debug|Win32
		{ED62CD00-A2D4-4BD3-80A0-C32391963570}.Debug|Win32.ActiveCfg = Debug|Win32
		{ED62CD00-A2D4-4BD3-80A0-C32391963570}.Debug|Win32.Build.0 = Debug|Win32
		{ED62CD00-A2D4-4BD3-80A0-C32391963570}.Debug|x64.ActiveCfg = Debug|Win32
		{ED62CD00-A2D4-4BD3-80A0-C32391963570}.Debug|x86.ActiveCfg = Debug|Win32
		{ED62CD00-A2D4-4BD3-80A0-C32391963570}.Debug|x86.Build.0 = Debug|Win32
		{ED62CD00-A2D4-4BD3-80A0-C32391963570}.PerfomanceTesting|Any CPU.ActiveCfg = Release|Win32
		{ED62CD00-A2D4-4BD3-80A0-C32391963570}.PerfomanceTesting|Mixed Platforms.ActiveCfg = Release|Win32
		{ED62CD00-A2D4-4BD3-80A0-C32391963570}.PerfomanceTesting|Mixed Platforms.Build.0 = Release|Win32
		{ED62CD00-A2D4-4BD3-80A0-C32391963570}.PerfomanceTesting|Win32.ActiveCfg = Release|Win32
		{ED62CD00-A2D4-4BD3-80A0-C32391963570}.PerfomanceTesting|Win32.Build.0 = Release|Win32
		{ED62CD00-A2D4-4BD3-80A0-C32391963570}.PerfomanceTesting|x64.ActiveCfg = Release|Win32
		{ED62CD00-A2D4-4BD3-80A0-C32391963570}.PerfomanceTesting|x86.ActiveCfg = Release|Win32
		{ED62CD00-A2D4-4BD3-80A0-C32391963570}.PerfomanceTesting|x86.Build.0 = Release|Win32
		{ED62CD00-A2D4-4BD3-80A0-C32391963570}.Release|Any CPU.ActiveCfg = Release|Win32
		{ED62CD00-A2D4-4BD3-80A0-C32391963570}.Release|Mixed Platforms.ActiveCfg = Release|Win32
		{ED62CD00-A2D4-4BD3-80A0-C32391963570}.Release|Mixed Platforms.Build.0 = Release|Win32
		{ED62CD00-A2D4-4BD3-80A0-C32391963570}.Release|Win32.ActiveCfg = Release|Win32
		{ED62CD00-A2D4-4BD3-80A0-C32391963570}.Release|Win32.Build.0 = Release|Win32
		{ED62CD00-A2D4-4BD3-80A0-C32391963570}.Release|x64.ActiveCfg = Release|Win32
		{ED62CD00-A2D4-4BD3-80A0-C32391963570}.Release|x86.ActiveCfg = Release|Win32
		{ED62CD00-A2D4-4BD3-80A0-C32391963570}.Release|x86.Build.0 = Release|Win32
		{ED62CD00-A2D4-4BD3-80A0-C32391963570}.UnitTestingConfiguration|Any CPU.ActiveCfg = Release|Win32
		{ED62CD00-A2D4-4BD3-80A0-C32391963570}.UnitTestingConfiguration|Mixed Platforms.ActiveCfg = Release|Win32
		{ED62CD00-A2D4-4BD3-80A0-C32391963570}.UnitTestingConfiguration|Win32.ActiveCfg = Release|Win32
		{ED62CD00-A2D4-4BD3-80A0-C32391963570}.UnitTestingConfiguration|x64.ActiveCfg = Release|Win32
		{ED62CD00-A2D4-4BD3-80A0-C32391963570}.UnitTestingConfiguration|x86.ActiveCfg = Release|Win32
		{6DDD487A-701F-4815-834E-CD84BC1B3207}.Debug|Any CPU.ActiveCfg = Debug|Any CPU
		{6DDD487A-701F-4815-834E-CD84BC1B3207}.Debug|Any CPU.Build.0 = Debug|Any CPU
		{6DDD487A-701F-4815-834E-CD84BC1B3207}.Debug|Mixed Platforms.ActiveCfg = Debug|Any CPU
		{6DDD487A-701F-4815-834E-CD84BC1B3207}.Debug|Mixed Platforms.Build.0 = Debug|Any CPU
		{6DDD487A-701F-4815-834E-CD84BC1B3207}.Debug|Win32.ActiveCfg = Debug|Any CPU
		{6DDD487A-701F-4815-834E-CD84BC1B3207}.Debug|Win32.Build.0 = Debug|Any CPU
		{6DDD487A-701F-4815-834E-CD84BC1B3207}.Debug|x64.ActiveCfg = Debug|Any CPU
		{6DDD487A-701F-4815-834E-CD84BC1B3207}.Debug|x86.ActiveCfg = Debug|Any CPU
		{6DDD487A-701F-4815-834E-CD84BC1B3207}.PerfomanceTesting|Any CPU.ActiveCfg = Release|Any CPU
		{6DDD487A-701F-4815-834E-CD84BC1B3207}.PerfomanceTesting|Any CPU.Build.0 = Release|Any CPU
		{6DDD487A-701F-4815-834E-CD84BC1B3207}.PerfomanceTesting|Mixed Platforms.ActiveCfg = Release|Any CPU
		{6DDD487A-701F-4815-834E-CD84BC1B3207}.PerfomanceTesting|Mixed Platforms.Build.0 = Release|Any CPU
		{6DDD487A-701F-4815-834E-CD84BC1B3207}.PerfomanceTesting|Win32.ActiveCfg = Release|Any CPU
		{6DDD487A-701F-4815-834E-CD84BC1B3207}.PerfomanceTesting|x64.ActiveCfg = Release|Any CPU
		{6DDD487A-701F-4815-834E-CD84BC1B3207}.PerfomanceTesting|x86.ActiveCfg = Release|Any CPU
		{6DDD487A-701F-4815-834E-CD84BC1B3207}.Release|Any CPU.ActiveCfg = Release|Any CPU
		{6DDD487A-701F-4815-834E-CD84BC1B3207}.Release|Any CPU.Build.0 = Release|Any CPU
		{6DDD487A-701F-4815-834E-CD84BC1B3207}.Release|Mixed Platforms.ActiveCfg = Release|Any CPU
		{6DDD487A-701F-4815-834E-CD84BC1B3207}.Release|Mixed Platforms.Build.0 = Release|Any CPU
		{6DDD487A-701F-4815-834E-CD84BC1B3207}.Release|Win32.ActiveCfg = Release|Any CPU
		{6DDD487A-701F-4815-834E-CD84BC1B3207}.Release|Win32.Build.0 = Release|Any CPU
		{6DDD487A-701F-4815-834E-CD84BC1B3207}.Release|x64.ActiveCfg = Release|Any CPU
		{6DDD487A-701F-4815-834E-CD84BC1B3207}.Release|x86.ActiveCfg = Release|Any CPU
		{6DDD487A-701F-4815-834E-CD84BC1B3207}.UnitTestingConfiguration|Any CPU.ActiveCfg = Release|Any CPU
		{6DDD487A-701F-4815-834E-CD84BC1B3207}.UnitTestingConfiguration|Any CPU.Build.0 = Release|Any CPU
		{6DDD487A-701F-4815-834E-CD84BC1B3207}.UnitTestingConfiguration|Mixed Platforms.ActiveCfg = Release|Any CPU
		{6DDD487A-701F-4815-834E-CD84BC1B3207}.UnitTestingConfiguration|Win32.ActiveCfg = Release|Any CPU
		{6DDD487A-701F-4815-834E-CD84BC1B3207}.UnitTestingConfiguration|x64.ActiveCfg = Release|Any CPU
		{6DDD487A-701F-4815-834E-CD84BC1B3207}.UnitTestingConfiguration|x86.ActiveCfg = Release|Any CPU
		{233AEDEA-DD4E-43BA-BAF9-0914CD48AD2B}.Debug|Any CPU.ActiveCfg = Debug|Any CPU
		{233AEDEA-DD4E-43BA-BAF9-0914CD48AD2B}.Debug|Any CPU.Build.0 = Debug|Any CPU
		{233AEDEA-DD4E-43BA-BAF9-0914CD48AD2B}.Debug|Mixed Platforms.ActiveCfg = Debug|Any CPU
		{233AEDEA-DD4E-43BA-BAF9-0914CD48AD2B}.Debug|Mixed Platforms.Build.0 = Debug|Any CPU
		{233AEDEA-DD4E-43BA-BAF9-0914CD48AD2B}.Debug|Win32.ActiveCfg = Debug|Any CPU
		{233AEDEA-DD4E-43BA-BAF9-0914CD48AD2B}.Debug|Win32.Build.0 = Debug|Any CPU
		{233AEDEA-DD4E-43BA-BAF9-0914CD48AD2B}.Debug|x64.ActiveCfg = Debug|Any CPU
		{233AEDEA-DD4E-43BA-BAF9-0914CD48AD2B}.Debug|x86.ActiveCfg = Debug|Any CPU
		{233AEDEA-DD4E-43BA-BAF9-0914CD48AD2B}.PerfomanceTesting|Any CPU.ActiveCfg = Release|Any CPU
		{233AEDEA-DD4E-43BA-BAF9-0914CD48AD2B}.PerfomanceTesting|Any CPU.Build.0 = Release|Any CPU
		{233AEDEA-DD4E-43BA-BAF9-0914CD48AD2B}.PerfomanceTesting|Mixed Platforms.ActiveCfg = Release|Any CPU
		{233AEDEA-DD4E-43BA-BAF9-0914CD48AD2B}.PerfomanceTesting|Mixed Platforms.Build.0 = Release|Any CPU
		{233AEDEA-DD4E-43BA-BAF9-0914CD48AD2B}.PerfomanceTesting|Win32.ActiveCfg = Release|Any CPU
		{233AEDEA-DD4E-43BA-BAF9-0914CD48AD2B}.PerfomanceTesting|x64.ActiveCfg = Release|Any CPU
		{233AEDEA-DD4E-43BA-BAF9-0914CD48AD2B}.PerfomanceTesting|x86.ActiveCfg = Release|Any CPU
		{233AEDEA-DD4E-43BA-BAF9-0914CD48AD2B}.Release|Any CPU.ActiveCfg = Release|Any CPU
		{233AEDEA-DD4E-43BA-BAF9-0914CD48AD2B}.Release|Any CPU.Build.0 = Release|Any CPU
		{233AEDEA-DD4E-43BA-BAF9-0914CD48AD2B}.Release|Mixed Platforms.ActiveCfg = Release|Any CPU
		{233AEDEA-DD4E-43BA-BAF9-0914CD48AD2B}.Release|Mixed Platforms.Build.0 = Release|Any CPU
		{233AEDEA-DD4E-43BA-BAF9-0914CD48AD2B}.Release|Win32.ActiveCfg = Release|Any CPU
		{233AEDEA-DD4E-43BA-BAF9-0914CD48AD2B}.Release|x64.ActiveCfg = Release|Any CPU
		{233AEDEA-DD4E-43BA-BAF9-0914CD48AD2B}.Release|x86.ActiveCfg = Release|Any CPU
		{233AEDEA-DD4E-43BA-BAF9-0914CD48AD2B}.UnitTestingConfiguration|Any CPU.ActiveCfg = Release|Any CPU
		{233AEDEA-DD4E-43BA-BAF9-0914CD48AD2B}.UnitTestingConfiguration|Any CPU.Build.0 = Release|Any CPU
		{233AEDEA-DD4E-43BA-BAF9-0914CD48AD2B}.UnitTestingConfiguration|Mixed Platforms.ActiveCfg = Release|Any CPU
		{233AEDEA-DD4E-43BA-BAF9-0914CD48AD2B}.UnitTestingConfiguration|Win32.ActiveCfg = Release|Any CPU
		{233AEDEA-DD4E-43BA-BAF9-0914CD48AD2B}.UnitTestingConfiguration|x64.ActiveCfg = Release|Any CPU
		{233AEDEA-DD4E-43BA-BAF9-0914CD48AD2B}.UnitTestingConfiguration|x86.ActiveCfg = Release|Any CPU
		{B3549ECC-3626-4CE1-9D80-76B378DDFE60}.Debug|Any CPU.ActiveCfg = Debug|Win32
		{B3549ECC-3626-4CE1-9D80-76B378DDFE60}.Debug|Mixed Platforms.ActiveCfg = Debug|Win32
		{B3549ECC-3626-4CE1-9D80-76B378DDFE60}.Debug|Mixed Platforms.Build.0 = Debug|Win32
		{B3549ECC-3626-4CE1-9D80-76B378DDFE60}.Debug|Win32.ActiveCfg = Debug|Win32
		{B3549ECC-3626-4CE1-9D80-76B378DDFE60}.Debug|Win32.Build.0 = Debug|Win32
		{B3549ECC-3626-4CE1-9D80-76B378DDFE60}.Debug|x64.ActiveCfg = Debug|Win32
		{B3549ECC-3626-4CE1-9D80-76B378DDFE60}.Debug|x86.ActiveCfg = Debug|Win32
		{B3549ECC-3626-4CE1-9D80-76B378DDFE60}.Debug|x86.Build.0 = Debug|Win32
		{B3549ECC-3626-4CE1-9D80-76B378DDFE60}.PerfomanceTesting|Any CPU.ActiveCfg = Release|Win32
		{B3549ECC-3626-4CE1-9D80-76B378DDFE60}.PerfomanceTesting|Mixed Platforms.ActiveCfg = Release|Win32
		{B3549ECC-3626-4CE1-9D80-76B378DDFE60}.PerfomanceTesting|Mixed Platforms.Build.0 = Release|Win32
		{B3549ECC-3626-4CE1-9D80-76B378DDFE60}.PerfomanceTesting|Win32.ActiveCfg = Release|Win32
		{B3549ECC-3626-4CE1-9D80-76B378DDFE60}.PerfomanceTesting|Win32.Build.0 = Release|Win32
		{B3549ECC-3626-4CE1-9D80-76B378DDFE60}.PerfomanceTesting|x64.ActiveCfg = Release|Win32
		{B3549ECC-3626-4CE1-9D80-76B378DDFE60}.PerfomanceTesting|x86.ActiveCfg = Release|Win32
		{B3549ECC-3626-4CE1-9D80-76B378DDFE60}.PerfomanceTesting|x86.Build.0 = Release|Win32
		{B3549ECC-3626-4CE1-9D80-76B378DDFE60}.Release|Any CPU.ActiveCfg = Release|Win32
		{B3549ECC-3626-4CE1-9D80-76B378DDFE60}.Release|Mixed Platforms.ActiveCfg = Release|Win32
		{B3549ECC-3626-4CE1-9D80-76B378DDFE60}.Release|Mixed Platforms.Build.0 = Release|Win32
		{B3549ECC-3626-4CE1-9D80-76B378DDFE60}.Release|Win32.ActiveCfg = Release|Win32
		{B3549ECC-3626-4CE1-9D80-76B378DDFE60}.Release|Win32.Build.0 = Release|Win32
		{B3549ECC-3626-4CE1-9D80-76B378DDFE60}.Release|x64.ActiveCfg = Release|Win32
		{B3549ECC-3626-4CE1-9D80-76B378DDFE60}.Release|x86.ActiveCfg = Release|Win32
		{B3549ECC-3626-4CE1-9D80-76B378DDFE60}.Release|x86.Build.0 = Release|Win32
		{B3549ECC-3626-4CE1-9D80-76B378DDFE60}.UnitTestingConfiguration|Any CPU.ActiveCfg = Release|Win32
		{B3549ECC-3626-4CE1-9D80-76B378DDFE60}.UnitTestingConfiguration|Mixed Platforms.ActiveCfg = Release|Win32
		{B3549ECC-3626-4CE1-9D80-76B378DDFE60}.UnitTestingConfiguration|Win32.ActiveCfg = Release|Win32
		{B3549ECC-3626-4CE1-9D80-76B378DDFE60}.UnitTestingConfiguration|x64.ActiveCfg = Release|Win32
		{B3549ECC-3626-4CE1-9D80-76B378DDFE60}.UnitTestingConfiguration|x86.ActiveCfg = Release|Win32
	EndGlobalSection
	GlobalSection(SolutionProperties) = preSolution
		HideSolutionNode = FALSE
	EndGlobalSection
EndGlobal
